{
  "name": "Assignment",
  "lockfileVersion": 3,
  "requires": true,
  "packages": {
    "": {
      "devDependencies": {
        "@nhost/cli": "^1.49.0-beta01"
      }
    },
    "node_modules/@nhost/cli": {
      "version": "1.49.0-beta01",
      "resolved": "https://registry.npmjs.org/@nhost/cli/-/cli-1.49.0-beta01.tgz",
      "integrity": "sha512-IgkDAcuVxTxVTk6wG8Esx07ze9zG6xmFIoOCoLVJvz2zWtzCajx8xI/uU69R2alOaslDv33/7/p+9VuFzAFitQ==",
      "dev": true,
      "license": "MIT",
      "bin": {
        "nhost": "bin/nhost"
      },
      "engines": {
        "node": ">=18"
      },
      "optionalDependencies": {
        "@nhost/cli-darwin-arm64": "1.49.0-beta01",
        "@nhost/cli-darwin-x64": "1.49.0-beta01",
        "@nhost/cli-linux-arm64": "1.49.0-beta01",
        "@nhost/cli-linux-x64": "1.49.0-beta01"
      }
    },
    "node_modules/@nhost/cli-darwin-arm64": {
      "version": "1.49.0-beta01",
      "resolved": "https://registry.npmjs.org/@nhost/cli-darwin-arm64/-/cli-darwin-arm64-1.49.0-beta01.tgz",
      "integrity": "sha512-ZocL8NxSCGx5QaKKDjnBo2cj37TBjTeeQ+5GtvRCU0ObqBBzZQkBwlWVOeic9ini/iXmECa+DCWigQSzY9BWYg==",
      "cpu": [
        "arm64"
      ],
      "dev": true,
      "license": "MIT",
      "optional": true,
      "os": [
        "darwin"
      ]
    },
    "node_modules/@nhost/cli-darwin-x64": {
      "version": "1.49.0-beta01",
      "resolved": "https://registry.npmjs.org/@nhost/cli-darwin-x64/-/cli-darwin-x64-1.49.0-beta01.tgz",
      "integrity": "sha512-+OZck2+meGdPybd7jOldlAnmasGtqSmosE81uVaHHKhjOZoH4ER9Ac/GPv48m366fShEe7sdDYL0hzqKyb+FRQ==",
      "cpu": [
        "x64"
      ],
      "dev": true,
      "license": "MIT",
      "optional": true,
      "os": [
        "darwin"
      ]
    },
    "node_modules/@nhost/cli-linux-arm64": {
      "version": "1.49.0-beta01",
      "resolved": "https://registry.npmjs.org/@nhost/cli-linux-arm64/-/cli-linux-arm64-1.49.0-beta01.tgz",
      "integrity": "sha512-4zwCljqtt4yaBR17fU3dNAibAVpqW5NscqctAIb2LqxXCRGYNEwNO1MfcpMa9I4nMXRdzCLNZlpHX+Agr9GnUg==",
      "cpu": [
        "arm64"
      ],
      "dev": true,
      "license": "MIT",
      "optional": true,
      "os": [
        "linux"
      ]
    },
    "node_modules/@nhost/cli-linux-x64": {
      "version": "1.49.0-beta01",
      "resolved": "https://registry.npmjs.org/@nhost/cli-linux-x64/-/cli-linux-x64-1.49.0-beta01.tgz",
      "integrity": "sha512-jh3wBFvvm4MnJrVyp0c2VCNLyvArepNwyWxhNnCrgrinatIhCz4M4JUoW9AvM/CgWjGcbusCKlK+/x8x2UBJAw==",
      "cpu": [
        "x64"
      ],
      "dev": true,
      "license": "MIT",
      "optional": true,
      "os": [
        "linux"
      ]
    }
  }
}
